
Microsoft Visual Studio Solution File, Format Version 12.00
# Visual Studio 2013
VisualStudioVersion = 12.0.30723.0
MinimumVisualStudioVersion = 10.0.40219.1
Project("{FAE04EC0-301F-11D3-BF4B-00C04F79EFBC}") = "Sitecore.CacheOptimizer", "Sitecore.CacheOptimizer\Sitecore.CacheOptimizer.csproj", "{C027ADD7-7ED5-4B17-A78E-2AF1C7CE388F}"
EndProject
Project("{CAA73BB0-EF22-4D79-A57E-DF67B3BA9C80}") = "Sitecore.CacheOptimizer.TDS", "Sitecore.CacheOptimizer.TDS\Sitecore.CacheOptimizer.TDS.scproj", "{4270A70E-8014-4000-B256-28FE887056E2}"
EndProject
Project("{CAA73BB0-EF22-4D79-A57E-DF67B3BA9C80}") = "Sitecore.CacheOptimizer.TDS.Core", "Sitecore.CacheOptimizer.TDS.Core\Sitecore.CacheOptimizer.TDS.Core.scproj", "{368AC9A8-5E7A-4911-A3E6-B78B2BBEC0C9}"
EndProject
Global
	GlobalSection(SolutionConfigurationPlatforms) = preSolution
		Debug|Any CPU = Debug|Any CPU
		Release|Any CPU = Release|Any CPU
	EndGlobalSection
	GlobalSection(ProjectConfigurationPlatforms) = postSolution
		{C027ADD7-7ED5-4B17-A78E-2AF1C7CE388F}.Debug|Any CPU.ActiveCfg = Debug|Any CPU
		{C027ADD7-7ED5-4B17-A78E-2AF1C7CE388F}.Debug|Any CPU.Build.0 = Debug|Any CPU
		{C027ADD7-7ED5-4B17-A78E-2AF1C7CE388F}.Release|Any CPU.ActiveCfg = Release|Any CPU
		{C027ADD7-7ED5-4B17-A78E-2AF1C7CE388F}.Release|Any CPU.Build.0 = Release|Any CPU
		{4270A70E-8014-4000-B256-28FE887056E2}.Debug|Any CPU.ActiveCfg = Debug|Any CPU
		{4270A70E-8014-4000-B256-28FE887056E2}.Debug|Any CPU.Build.0 = Debug|Any CPU
		{4270A70E-8014-4000-B256-28FE887056E2}.Debug|Any CPU.Deploy.0 = Debug|Any CPU
		{4270A70E-8014-4000-B256-28FE887056E2}.Release|Any CPU.ActiveCfg = Release|Any CPU
		{4270A70E-8014-4000-B256-28FE887056E2}.Release|Any CPU.Build.0 = Release|Any CPU
		{4270A70E-8014-4000-B256-28FE887056E2}.Release|Any CPU.Deploy.0 = Release|Any CPU
		{368AC9A8-5E7A-4911-A3E6-B78B2BBEC0C9}.Debug|Any CPU.ActiveCfg = Debug|Any CPU
		{368AC9A8-5E7A-4911-A3E6-B78B2BBEC0C9}.Debug|Any CPU.Build.0 = Debug|Any CPU
		{368AC9A8-5E7A-4911-A3E6-B78B2BBEC0C9}.Debug|Any CPU.Deploy.0 = Debug|Any CPU
		{368AC9A8-5E7A-4911-A3E6-B78B2BBEC0C9}.Release|Any CPU.ActiveCfg = Release|Any CPU
		{368AC9A8-5E7A-4911-A3E6-B78B2BBEC0C9}.Release|Any CPU.Build.0 = Release|Any CPU
		{368AC9A8-5E7A-4911-A3E6-B78B2BBEC0C9}.Release|Any CPU.Deploy.0 = Release|Any CPU
	EndGlobalSection
	GlobalSection(SolutionProperties) = preSolution
		HideSolutionNode = FALSE
	EndGlobalSection
EndGlobal
